
Microsoft Visual Studio Solution File, Format Version 12.00
# Visual Studio Version 16
VisualStudioVersion = 16.0.29503.13
MinimumVisualStudioVersion = 10.0.40219.1
Project("{9A19103F-16F7-4668-BE54-9A1E7A4F7556}") = "Day1", "Day1\Day1.csproj", "{653423B8-263B-407D-B8D2-2B0DF8845A31}"
EndProject
Project("{9A19103F-16F7-4668-BE54-9A1E7A4F7556}") = "Day2", "Day2\Day2.csproj", "{69E2EECE-BF33-49D5-BA77-5E705EA56D1C}"
EndProject
Project("{9A19103F-16F7-4668-BE54-9A1E7A4F7556}") = "Day3", "Day3\Day3.csproj", "{EC232C84-49A6-4E39-8AD8-D5E7D3845730}"
EndProject
Project("{FAE04EC0-301F-11D3-BF4B-00C04F79EFBC}") = "Day4", "Day4\Day4.csproj", "{A0DDC0D2-57E9-4553-8C7F-5FCC9A4692DB}"
EndProject
Global
	GlobalSection(SolutionConfigurationPlatforms) = preSolution
		Debug|Any CPU = Debug|Any CPU
		Release|Any CPU = Release|Any CPU
	EndGlobalSection
	GlobalSection(ProjectConfigurationPlatforms) = postSolution
		{653423B8-263B-407D-B8D2-2B0DF8845A31}.Debug|Any CPU.ActiveCfg = Debug|Any CPU
		{653423B8-263B-407D-B8D2-2B0DF8845A31}.Debug|Any CPU.Build.0 = Debug|Any CPU
		{653423B8-263B-407D-B8D2-2B0DF8845A31}.Release|Any CPU.ActiveCfg = Release|Any CPU
		{653423B8-263B-407D-B8D2-2B0DF8845A31}.Release|Any CPU.Build.0 = Release|Any CPU
		{69E2EECE-BF33-49D5-BA77-5E705EA56D1C}.Debug|Any CPU.ActiveCfg = Debug|Any CPU
		{69E2EECE-BF33-49D5-BA77-5E705EA56D1C}.Debug|Any CPU.Build.0 = Debug|Any CPU
		{69E2EECE-BF33-49D5-BA77-5E705EA56D1C}.Release|Any CPU.ActiveCfg = Release|Any CPU
		{69E2EECE-BF33-49D5-BA77-5E705EA56D1C}.Release|Any CPU.Build.0 = Release|Any CPU
		{EC232C84-49A6-4E39-8AD8-D5E7D3845730}.Debug|Any CPU.ActiveCfg = Debug|Any CPU
		{EC232C84-49A6-4E39-8AD8-D5E7D3845730}.Debug|Any CPU.Build.0 = Debug|Any CPU
		{EC232C84-49A6-4E39-8AD8-D5E7D3845730}.Release|Any CPU.ActiveCfg = Release|Any CPU
		{EC232C84-49A6-4E39-8AD8-D5E7D3845730}.Release|Any CPU.Build.0 = Release|Any CPU
		{A0DDC0D2-57E9-4553-8C7F-5FCC9A4692DB}.Debug|Any CPU.ActiveCfg = Debug|Any CPU
		{A0DDC0D2-57E9-4553-8C7F-5FCC9A4692DB}.Debug|Any CPU.Build.0 = Debug|Any CPU
		{A0DDC0D2-57E9-4553-8C7F-5FCC9A4692DB}.Release|Any CPU.ActiveCfg = Release|Any CPU
		{A0DDC0D2-57E9-4553-8C7F-5FCC9A4692DB}.Release|Any CPU.Build.0 = Release|Any CPU
	EndGlobalSection
	GlobalSection(SolutionProperties) = preSolution
		HideSolutionNode = FALSE
	EndGlobalSection
	GlobalSection(ExtensibilityGlobals) = postSolution
		SolutionGuid = {3F2FE42F-BF09-453A-BCDA-5E8D99F9CF4B}
	EndGlobalSection
EndGlobal
